{
  "name": "grave-et",
  "version": "0.0.0",
  "lockfileVersion": 1,
  "requires": true,
  "dependencies": {
    "noyo": {
      "version": "0.0.1",
      "resolved": "https://registry.npmjs.org/noyo/-/noyo-0.0.1.tgz",
      "integrity": "sha512-sG/B/E3Cm5oZCMoXL/JtB1WAh/TZuMLtbq9j1kLF7iVDGp21lOq+4a39zBWWa9Qc15dnS4NcKJ++p5fhCxWUQQ=="
    }
  }
}
